// !$*UTF8*$!
{
	archiveVersion = 1;
	classes = {
	};
	objectVersion = 46;
	objects = {

/* Begin PBXBuildFile section */
		F4D6BC6B1A9F30D600742FEB /* AdBlockForBS.m in Sources */ = {isa = PBXBuildFile; fileRef = F4D6BC6A1A9F30D600742FEB /* AdBlockForBS.m */; };
		F4D6BC921A9F43E100742FEB /* CacheStoragePolicy.m in Sources */ = {isa = PBXBuildFile; fileRef = F4D6BC8D1A9F43E100742FEB /* CacheStoragePolicy.m */; };
		F4D6BC931A9F43E100742FEB /* CanonicalRequest.m in Sources */ = {isa = PBXBuildFile; fileRef = F4D6BC8F1A9F43E100742FEB /* CanonicalRequest.m */; };
		F4D6BC941A9F43E100742FEB /* CustomHTTPProtocol.m in Sources */ = {isa = PBXBuildFile; fileRef = F4D6BC911A9F43E100742FEB /* CustomHTTPProtocol.m */; };
/* End PBXBuildFile section */

/* Begin PBXFileReference section */
		F4D6BC5F1A9F2FDC00742FEB /* AdBlockForBS.bundle */ = {isa = PBXFileReference; explicitFileType = wrapper.cfbundle; includeInIndex = 0; path = AdBlockForBS.bundle; sourceTree = BUILT_PRODUCTS_DIR; };
		F4D6BC631A9F2FDC00742FEB /* Info.plist */ = {isa = PBXFileReference; lastKnownFileType = text.plist.xml; path = Info.plist; sourceTree = "<group>"; };
		F4D6BC691A9F30D600742FEB /* AdBlockForBS.h */ = {isa = PBXFileReference; fileEncoding = 4; lastKnownFileType = sourcecode.c.h; path = AdBlockForBS.h; sourceTree = "<group>"; };
		F4D6BC6A1A9F30D600742FEB /* AdBlockForBS.m */ = {isa = PBXFileReference; fileEncoding = 4; lastKnownFileType = sourcecode.c.objc; path = AdBlockForBS.m; sourceTree = "<group>"; };
		F4D6BC881A9F3A6700742FEB /* PSPreviewerInterface.h */ = {isa = PBXFileReference; lastKnownFileType = sourcecode.c.h; name = PSPreviewerInterface.h; path = AdBlockForBS/PSPreviewerInterface.h; sourceTree = "<group>"; };
		F4D6BC891A9F3A6D00742FEB /* BSLinkPreviewDelegating.h */ = {isa = PBXFileReference; lastKnownFileType = sourcecode.c.h; name = BSLinkPreviewDelegating.h; path = AdBlockForBS/BSLinkPreviewDelegating.h; sourceTree = "<group>"; };
		F4D6BC8B1A9F3AC500742FEB /* BSPreviewPluginInterface.h */ = {isa = PBXFileReference; lastKnownFileType = sourcecode.c.h; name = BSPreviewPluginInterface.h; path = AdBlockForBS/BSPreviewPluginInterface.h; sourceTree = "<group>"; };
		F4D6BC8C1A9F43E100742FEB /* CacheStoragePolicy.h */ = {isa = PBXFileReference; fileEncoding = 4; lastKnownFileType = sourcecode.c.h; path = CacheStoragePolicy.h; sourceTree = "<group>"; };
		F4D6BC8D1A9F43E100742FEB /* CacheStoragePolicy.m */ = {isa = PBXFileReference; fileEncoding = 4; lastKnownFileType = sourcecode.c.objc; path = CacheStoragePolicy.m; sourceTree = "<group>"; };
		F4D6BC8E1A9F43E100742FEB /* CanonicalRequest.h */ = {isa = PBXFileReference; fileEncoding = 4; lastKnownFileType = sourcecode.c.h; path = CanonicalRequest.h; sourceTree = "<group>"; };
		F4D6BC8F1A9F43E100742FEB /* CanonicalRequest.m */ = {isa = PBXFileReference; fileEncoding = 4; lastKnownFileType = sourcecode.c.objc; path = CanonicalRequest.m; sourceTree = "<group>"; };
		F4D6BC901A9F43E100742FEB /* CustomHTTPProtocol.h */ = {isa = PBXFileReference; fileEncoding = 4; lastKnownFileType = sourcecode.c.h; path = CustomHTTPProtocol.h; sourceTree = "<group>"; };
		F4D6BC911A9F43E100742FEB /* CustomHTTPProtocol.m */ = {isa = PBXFileReference; fileEncoding = 4; lastKnownFileType = sourcecode.c.objc; path = CustomHTTPProtocol.m; sourceTree = "<group>"; };
/* End PBXFileReference section */

/* Begin PBXFrameworksBuildPhase section */
		F4D6BC5C1A9F2FDC00742FEB /* Frameworks */ = {
			isa = PBXFrameworksBuildPhase;
			buildActionMask = 2147483647;
			files = (
			);
			runOnlyForDeploymentPostprocessing = 0;
		};
/* End PBXFrameworksBuildPhase section */

/* Begin PBXGroup section */
		F4D6BC561A9F2FDC00742FEB = {
			isa = PBXGroup;
			children = (
				F4D6BC8B1A9F3AC500742FEB /* BSPreviewPluginInterface.h */,
				F4D6BC891A9F3A6D00742FEB /* BSLinkPreviewDelegating.h */,
				F4D6BC881A9F3A6700742FEB /* PSPreviewerInterface.h */,
				F4D6BC6F1A9F336300742FEB /* CustomHTTPProtocol */,
				F4D6BC611A9F2FDC00742FEB /* AdBlockForBS */,
				F4D6BC601A9F2FDC00742FEB /* Products */,
			);
			sourceTree = "<group>";
		};
		F4D6BC601A9F2FDC00742FEB /* Products */ = {
			isa = PBXGroup;
			children = (
				F4D6BC5F1A9F2FDC00742FEB /* AdBlockForBS.bundle */,
			);
			name = Products;
			sourceTree = "<group>";
		};
		F4D6BC611A9F2FDC00742FEB /* AdBlockForBS */ = {
			isa = PBXGroup;
			children = (
				F4D6BC691A9F30D600742FEB /* AdBlockForBS.h */,
				F4D6BC6A1A9F30D600742FEB /* AdBlockForBS.m */,
				F4D6BC621A9F2FDC00742FEB /* Supporting Files */,
			);
			path = AdBlockForBS;
			sourceTree = "<group>";
		};
		F4D6BC621A9F2FDC00742FEB /* Supporting Files */ = {
			isa = PBXGroup;
			children = (
				F4D6BC631A9F2FDC00742FEB /* Info.plist */,
			);
			name = "Supporting Files";
			sourceTree = "<group>";
		};
		F4D6BC6F1A9F336300742FEB /* CustomHTTPProtocol */ = {
			isa = PBXGroup;
			children = (
				F4D6BC8C1A9F43E100742FEB /* CacheStoragePolicy.h */,
				F4D6BC8D1A9F43E100742FEB /* CacheStoragePolicy.m */,
				F4D6BC8E1A9F43E100742FEB /* CanonicalRequest.h */,
				F4D6BC8F1A9F43E100742FEB /* CanonicalRequest.m */,
				F4D6BC901A9F43E100742FEB /* CustomHTTPProtocol.h */,
				F4D6BC911A9F43E100742FEB /* CustomHTTPProtocol.m */,
			);
			name = CustomHTTPProtocol;
			sourceTree = "<group>";
		};
/* End PBXGroup section */

/* Begin PBXNativeTarget section */
		F4D6BC5E1A9F2FDC00742FEB /* AdBlockForBS */ = {
			isa = PBXNativeTarget;
			buildConfigurationList = F4D6BC661A9F2FDC00742FEB /* Build configuration list for PBXNativeTarget "AdBlockForBS" */;
			buildPhases = (
				F4D6BC5B1A9F2FDC00742FEB /* Sources */,
				F4D6BC5C1A9F2FDC00742FEB /* Frameworks */,
				F4D6BC5D1A9F2FDC00742FEB /* Resources */,
			);
			buildRules = (
			);
			dependencies = (
			);
			name = AdBlockForBS;
			productName = AdBlockForBS;
			productReference = F4D6BC5F1A9F2FDC00742FEB /* AdBlockForBS.bundle */;
			productType = "com.apple.product-type.bundle";
		};
/* End PBXNativeTarget section */

/* Begin PBXProject section */
		F4D6BC571A9F2FDC00742FEB /* Project object */ = {
			isa = PBXProject;
			attributes = {
				LastUpgradeCheck = 0610;
				ORGANIZATIONNAME = "Hori,Masaki";
				TargetAttributes = {
					F4D6BC5E1A9F2FDC00742FEB = {
						CreatedOnToolsVersion = 6.1.1;
					};
				};
			};
			buildConfigurationList = F4D6BC5A1A9F2FDC00742FEB /* Build configuration list for PBXProject "AdBlockForBS" */;
			compatibilityVersion = "Xcode 3.2";
			developmentRegion = English;
			hasScannedForEncodings = 0;
			knownRegions = (
				en,
			);
			mainGroup = F4D6BC561A9F2FDC00742FEB;
			productRefGroup = F4D6BC601A9F2FDC00742FEB /* Products */;
			projectDirPath = "";
			projectRoot = "";
			targets = (
				F4D6BC5E1A9F2FDC00742FEB /* AdBlockForBS */,
			);
		};
/* End PBXProject section */

/* Begin PBXResourcesBuildPhase section */
		F4D6BC5D1A9F2FDC00742FEB /* Resources */ = {
			isa = PBXResourcesBuildPhase;
			buildActionMask = 2147483647;
			files = (
			);
			runOnlyForDeploymentPostprocessing = 0;
		};
/* End PBXResourcesBuildPhase section */

/* Begin PBXSourcesBuildPhase section */
		F4D6BC5B1A9F2FDC00742FEB /* Sources */ = {
			isa = PBXSourcesBuildPhase;
			buildActionMask = 2147483647;
			files = (
				F4D6BC941A9F43E100742FEB /* CustomHTTPProtocol.m in Sources */,
				F4D6BC921A9F43E100742FEB /* CacheStoragePolicy.m in Sources */,
				F4D6BC6B1A9F30D600742FEB /* AdBlockForBS.m in Sources */,
				F4D6BC931A9F43E100742FEB /* CanonicalRequest.m in Sources */,
			);
			runOnlyForDeploymentPostprocessing = 0;
		};
/* End PBXSourcesBuildPhase section */

/* Begin XCBuildConfiguration section */
		F4D6BC641A9F2FDC00742FEB /* Debug */ = {
			isa = XCBuildConfiguration;
			buildSettings = {
				ALWAYS_SEARCH_USER_PATHS = NO;
				CLANG_CXX_LANGUAGE_STANDARD = "gnu++0x";
				CLANG_CXX_LIBRARY = "libc++";
				CLANG_ENABLE_MODULES = YES;
				CLANG_ENABLE_OBJC_ARC = YES;
				CLANG_WARN_BOOL_CONVERSION = YES;
				CLANG_WARN_CONSTANT_CONVERSION = YES;
				CLANG_WARN_DIRECT_OBJC_ISA_USAGE = YES_ERROR;
				CLANG_WARN_EMPTY_BODY = YES;
				CLANG_WARN_ENUM_CONVERSION = YES;
				CLANG_WARN_INT_CONVERSION = YES;
				CLANG_WARN_OBJC_ROOT_CLASS = YES_ERROR;
				CLANG_WARN_UNREACHABLE_CODE = YES;
				CLANG_WARN__DUPLICATE_METHOD_MATCH = YES;
				COPY_PHASE_STRIP = NO;
				ENABLE_STRICT_OBJC_MSGSEND = YES;
				GCC_C_LANGUAGE_STANDARD = gnu99;
				GCC_DYNAMIC_NO_PIC = NO;
				GCC_OPTIMIZATION_LEVEL = 0;
				GCC_PREPROCESSOR_DEFINITIONS = (
					"DEBUG=1",
					"$(inherited)",
				);
				GCC_SYMBOLS_PRIVATE_EXTERN = NO;
				GCC_WARN_64_TO_32_BIT_CONVERSION = YES;
				GCC_WARN_ABOUT_RETURN_TYPE = YES_ERROR;
				GCC_WARN_UNDECLARED_SELECTOR = YES;
				GCC_WARN_UNINITIALIZED_AUTOS = YES_AGGRESSIVE;
				GCC_WARN_UNUSED_FUNCTION = YES;
				GCC_WARN_UNUSED_VARIABLE = YES;
				MACOSX_DEPLOYMENT_TARGET = 10.9;
				MTL_ENABLE_DEBUG_INFO = YES;
				ONLY_ACTIVE_ARCH = YES;
				SDKROOT = macosx;
			};
			name = Debug;
		};
		F4D6BC651A9F2FDC00742FEB /* Release */ = {
			isa = XCBuildConfiguration;
			buildSettings = {
				ALWAYS_SEARCH_USER_PATHS = NO;
				CLANG_CXX_LANGUAGE_STANDARD = "gnu++0x";
				CLANG_CXX_LIBRARY = "libc++";
				CLANG_ENABLE_MODULES = YES;
				CLANG_ENABLE_OBJC_ARC = YES;
				CLANG_WARN_BOOL_CONVERSION = YES;
				CLANG_WARN_CONSTANT_CONVERSION = YES;
				CLANG_WARN_DIRECT_OBJC_ISA_USAGE = YES_ERROR;
				CLANG_WARN_EMPTY_BODY = YES;
				CLANG_WARN_ENUM_CONVERSION = YES;
				CLANG_WARN_INT_CONVERSION = YES;
				CLANG_WARN_OBJC_ROOT_CLASS = YES_ERROR;
				CLANG_WARN_UNREACHABLE_CODE = YES;
				CLANG_WARN__DUPLICATE_METHOD_MATCH = YES;
				COPY_PHASE_STRIP = YES;
				DEBUG_INFORMATION_FORMAT = "dwarf-with-dsym";
				ENABLE_NS_ASSERTIONS = NO;
				ENABLE_STRICT_OBJC_MSGSEND = YES;
				GCC_C_LANGUAGE_STANDARD = gnu99;
				GCC_WARN_64_TO_32_BIT_CONVERSION = YES;
				GCC_WARN_ABOUT_RETURN_TYPE = YES_ERROR;
				GCC_WARN_UNDECLARED_SELECTOR = YES;
				GCC_WARN_UNINITIALIZED_AUTOS = YES_AGGRESSIVE;
				GCC_WARN_UNUSED_FUNCTION = YES;
				GCC_WARN_UNUSED_VARIABLE = YES;
				MACOSX_DEPLOYMENT_TARGET = 10.9;
				MTL_ENABLE_DEBUG_INFO = NO;
				SDKROOT = macosx;
			};
			name = Release;
		};
		F4D6BC671A9F2FDC00742FEB /* Debug */ = {
			isa = XCBuildConfiguration;
			buildSettings = {
				COMBINE_HIDPI_IMAGES = YES;
				INFOPLIST_FILE = AdBlockForBS/Info.plist;
				INSTALL_PATH = "$(LOCAL_LIBRARY_DIR)/Application Support/BathyScaphe/";
				PRODUCT_NAME = "$(TARGET_NAME)";
				SKIP_INSTALL = NO;
				WRAPPER_EXTENSION = bundle;
			};
			name = Debug;
		};
		F4D6BC681A9F2FDC00742FEB /* Release */ = {
			isa = XCBuildConfiguration;
			buildSettings = {
				COMBINE_HIDPI_IMAGES = YES;
				INFOPLIST_FILE = AdBlockForBS/Info.plist;
				INSTALL_PATH = "$(LOCAL_LIBRARY_DIR)/Application Support/BathyScaphe/";
				PRODUCT_NAME = "$(TARGET_NAME)";
				SKIP_INSTALL = NO;
				WRAPPER_EXTENSION = bundle;
			};
			name = Release;
		};
/* End XCBuildConfiguration section */

/* Begin XCConfigurationList section */
		F4D6BC5A1A9F2FDC00742FEB /* Build configuration list for PBXProject "AdBlockForBS" */ = {
			isa = XCConfigurationList;
			buildConfigurations = (
				F4D6BC641A9F2FDC00742FEB /* Debug */,
				F4D6BC651A9F2FDC00742FEB /* Release */,
			);
			defaultConfigurationIsVisible = 0;
			defaultConfigurationName = Release;
		};
		F4D6BC661A9F2FDC00742FEB /* Build configuration list for PBXNativeTarget "AdBlockForBS" */ = {
			isa = XCConfigurationList;
			buildConfigurations = (
				F4D6BC671A9F2FDC00742FEB /* Debug */,
				F4D6BC681A9F2FDC00742FEB /* Release */,
			);
			defaultConfigurationIsVisible = 0;
		};
/* End XCConfigurationList section */
	};
	rootObject = F4D6BC571A9F2FDC00742FEB /* Project object */;
}
